../../data/donor_id_match.txt
../../data/kolf_aowh/kolf_aowh_donorIds.txt
../../data/kolf_aowh/chr1/kolf_aowh.genotype.vcf.gz
../../data/kolf_aowh/chr2/kolf_aowh.genotype.vcf.gz
../../data/kolf_aowh/chr3/kolf_aowh.genotype.vcf.gz
../../data/kolf_aowh/chr4/kolf_aowh.genotype.vcf.gz
../../data/kolf_aowh/chr5/kolf_aowh.genotype.vcf.gz
../../data/kolf_aowh/chr6/kolf_aowh.genotype.vcf.gz
../../data/kolf_aowh/chr7/kolf_aowh.genotype.vcf.gz
../../data/kolf_aowh/chr8/kolf_aowh.genotype.vcf.gz
../../data/kolf_aowh/chr9/kolf_aowh.genotype.vcf.gz
../../data/kolf_aowh/chr10/kolf_aowh.genotype.vcf.gz
../../data/kolf_aowh/chr11/kolf_aowh.genotype.vcf.gz
../../data/kolf_aowh/chr12/kolf_aowh.genotype.vcf.gz
../../data/kolf_aowh/chr13/kolf_aowh.genotype.vcf.gz
../../data/kolf_aowh/chr14/kolf_aowh.genotype.vcf.gz
../../data/kolf_aowh/chr15/kolf_aowh.genotype.vcf.gz
../../data/kolf_aowh/chr16/kolf_aowh.genotype.vcf.gz
../../data/kolf_aowh/chr17/kolf_aowh.genotype.vcf.gz
../../data/kolf_aowh/chr18/kolf_aowh.genotype.vcf.gz
../../data/kolf_aowh/chr19/kolf_aowh.genotype.vcf.gz
../../data/kolf_aowh/chr20/kolf_aowh.genotype.vcf.gz
../../data/kolf_aowh/chr21/kolf_aowh.genotype.vcf.gz
../../data/kolf_aowh/chr22/kolf_aowh.genotype.vcf.gz
../../data/kolf_aowh/kolf_aowh.genotype.vcf.gz
../../data/kolf_aowh/kolf_aowh.genotype.hg38.vcf.gz
../../data/full_genotype/chr22/hipsci.wec.gtarray.HumanCoreExome.imputed_phased.20180102.genotypes.chr22.vcf.gz
../../data/sampleMetadata.txt
../../data/donor_id_match.txt
../../data/kolf_aowh/kolf_aowh_donorIds.txt
../../data/full_genotype/chr1/hipsci.wec.gtarray.HumanCoreExome.imputed_phased.20180102.genotypes.chr1.vcf.gz
../../data/kolf_aowh/kolf_aowh_donorIds.txt
../../data/full_genotype/chr2/hipsci.wec.gtarray.HumanCoreExome.imputed_phased.20180102.genotypes.chr2.vcf.gz
../../data/kolf_aowh/kolf_aowh_donorIds.txt
../../data/full_genotype/chr3/hipsci.wec.gtarray.HumanCoreExome.imputed_phased.20180102.genotypes.chr3.vcf.gz
../../data/kolf_aowh/kolf_aowh_donorIds.txt
../../data/full_genotype/chr4/hipsci.wec.gtarray.HumanCoreExome.imputed_phased.20180102.genotypes.chr4.vcf.gz
../../data/kolf_aowh/kolf_aowh_donorIds.txt
../../data/full_genotype/chr5/hipsci.wec.gtarray.HumanCoreExome.imputed_phased.20180102.genotypes.chr5.vcf.gz
../../data/kolf_aowh/kolf_aowh_donorIds.txt
../../data/full_genotype/chr6/hipsci.wec.gtarray.HumanCoreExome.imputed_phased.20180102.genotypes.chr6.vcf.gz
../../data/kolf_aowh/kolf_aowh_donorIds.txt
../../data/full_genotype/chr7/hipsci.wec.gtarray.HumanCoreExome.imputed_phased.20180102.genotypes.chr7.vcf.gz
../../data/kolf_aowh/kolf_aowh_donorIds.txt
../../data/full_genotype/chr8/hipsci.wec.gtarray.HumanCoreExome.imputed_phased.20180102.genotypes.chr8.vcf.gz
../../data/kolf_aowh/kolf_aowh_donorIds.txt
../../data/full_genotype/chr9/hipsci.wec.gtarray.HumanCoreExome.imputed_phased.20180102.genotypes.chr9.vcf.gz
../../data/kolf_aowh/kolf_aowh_donorIds.txt
../../data/full_genotype/chr10/hipsci.wec.gtarray.HumanCoreExome.imputed_phased.20180102.genotypes.chr10.vcf.gz
../../data/kolf_aowh/kolf_aowh_donorIds.txt
../../data/full_genotype/chr11/hipsci.wec.gtarray.HumanCoreExome.imputed_phased.20180102.genotypes.chr11.vcf.gz
../../data/kolf_aowh/kolf_aowh_donorIds.txt
../../data/full_genotype/chr12/hipsci.wec.gtarray.HumanCoreExome.imputed_phased.20180102.genotypes.chr12.vcf.gz
../../data/kolf_aowh/kolf_aowh_donorIds.txt
../../data/full_genotype/chr13/hipsci.wec.gtarray.HumanCoreExome.imputed_phased.20180102.genotypes.chr13.vcf.gz
../../data/kolf_aowh/kolf_aowh_donorIds.txt
../../data/full_genotype/chr14/hipsci.wec.gtarray.HumanCoreExome.imputed_phased.20180102.genotypes.chr14.vcf.gz
../../data/kolf_aowh/kolf_aowh_donorIds.txt
../../data/full_genotype/chr15/hipsci.wec.gtarray.HumanCoreExome.imputed_phased.20180102.genotypes.chr15.vcf.gz
../../data/kolf_aowh/kolf_aowh_donorIds.txt
../../data/full_genotype/chr16/hipsci.wec.gtarray.HumanCoreExome.imputed_phased.20180102.genotypes.chr16.vcf.gz
../../data/kolf_aowh/kolf_aowh_donorIds.txt
../../data/full_genotype/chr17/hipsci.wec.gtarray.HumanCoreExome.imputed_phased.20180102.genotypes.chr17.vcf.gz
../../data/kolf_aowh/kolf_aowh_donorIds.txt
../../data/full_genotype/chr18/hipsci.wec.gtarray.HumanCoreExome.imputed_phased.20180102.genotypes.chr18.vcf.gz
../../data/kolf_aowh/kolf_aowh_donorIds.txt
../../data/full_genotype/chr19/hipsci.wec.gtarray.HumanCoreExome.imputed_phased.20180102.genotypes.chr19.vcf.gz
../../data/kolf_aowh/kolf_aowh_donorIds.txt
../../data/full_genotype/chr20/hipsci.wec.gtarray.HumanCoreExome.imputed_phased.20180102.genotypes.chr20.vcf.gz
../../data/kolf_aowh/kolf_aowh_donorIds.txt
../../data/full_genotype/chr21/hipsci.wec.gtarray.HumanCoreExome.imputed_phased.20180102.genotypes.chr21.vcf.gz
../../data/kolf_aowh/kolf_aowh_donorIds.txt
../../data/full_genotype/chr22/hipsci.wec.gtarray.HumanCoreExome.imputed_phased.20180102.genotypes.chr22.vcf.gz
../../data/kolf_aowh/chr1/kolf_aowh.genotype.vcf.gz
../../data/kolf_aowh/chr2/kolf_aowh.genotype.vcf.gz
../../data/kolf_aowh/chr3/kolf_aowh.genotype.vcf.gz
../../data/kolf_aowh/chr4/kolf_aowh.genotype.vcf.gz
../../data/kolf_aowh/chr5/kolf_aowh.genotype.vcf.gz
../../data/kolf_aowh/chr6/kolf_aowh.genotype.vcf.gz
../../data/kolf_aowh/chr7/kolf_aowh.genotype.vcf.gz
../../data/kolf_aowh/chr8/kolf_aowh.genotype.vcf.gz
../../data/kolf_aowh/chr9/kolf_aowh.genotype.vcf.gz
../../data/kolf_aowh/chr10/kolf_aowh.genotype.vcf.gz
../../data/kolf_aowh/chr11/kolf_aowh.genotype.vcf.gz
../../data/kolf_aowh/chr12/kolf_aowh.genotype.vcf.gz
../../data/kolf_aowh/chr13/kolf_aowh.genotype.vcf.gz
../../data/kolf_aowh/chr14/kolf_aowh.genotype.vcf.gz
../../data/kolf_aowh/chr15/kolf_aowh.genotype.vcf.gz
../../data/kolf_aowh/chr16/kolf_aowh.genotype.vcf.gz
../../data/kolf_aowh/chr17/kolf_aowh.genotype.vcf.gz
../../data/kolf_aowh/chr18/kolf_aowh.genotype.vcf.gz
../../data/kolf_aowh/chr19/kolf_aowh.genotype.vcf.gz
../../data/kolf_aowh/chr20/kolf_aowh.genotype.vcf.gz
../../data/kolf_aowh/chr21/kolf_aowh.genotype.vcf.gz
../../data/kolf_aowh/chr22/kolf_aowh.genotype.vcf.gz
../../data/kolf_aowh/kolf_aowh.genotype.vcf.gz
