../../data/kolf_aowh/kolf_aowh_donorIds.txt
../../data/kolf_aowh/chr1/kolf_aowh.genotype.vcf.gz
../../data/kolf_aowh/chr1/kolf_aowh.genotype.vcf.gz.csi
../../data/kolf_aowh/chr2/kolf_aowh.genotype.vcf.gz
../../data/kolf_aowh/chr2/kolf_aowh.genotype.vcf.gz.csi
../../data/kolf_aowh/chr3/kolf_aowh.genotype.vcf.gz
../../data/kolf_aowh/chr3/kolf_aowh.genotype.vcf.gz.csi
../../data/kolf_aowh/chr4/kolf_aowh.genotype.vcf.gz
../../data/kolf_aowh/chr4/kolf_aowh.genotype.vcf.gz.csi
../../data/kolf_aowh/chr5/kolf_aowh.genotype.vcf.gz
../../data/kolf_aowh/chr5/kolf_aowh.genotype.vcf.gz.csi
../../data/kolf_aowh/chr6/kolf_aowh.genotype.vcf.gz
../../data/kolf_aowh/chr6/kolf_aowh.genotype.vcf.gz.csi
../../data/kolf_aowh/chr7/kolf_aowh.genotype.vcf.gz
../../data/kolf_aowh/chr7/kolf_aowh.genotype.vcf.gz.csi
../../data/kolf_aowh/chr8/kolf_aowh.genotype.vcf.gz
../../data/kolf_aowh/chr8/kolf_aowh.genotype.vcf.gz.csi
../../data/kolf_aowh/chr9/kolf_aowh.genotype.vcf.gz
../../data/kolf_aowh/chr9/kolf_aowh.genotype.vcf.gz.csi
../../data/kolf_aowh/chr10/kolf_aowh.genotype.vcf.gz
../../data/kolf_aowh/chr10/kolf_aowh.genotype.vcf.gz.csi
../../data/kolf_aowh/chr11/kolf_aowh.genotype.vcf.gz
../../data/kolf_aowh/chr11/kolf_aowh.genotype.vcf.gz.csi
../../data/kolf_aowh/chr12/kolf_aowh.genotype.vcf.gz
../../data/kolf_aowh/chr12/kolf_aowh.genotype.vcf.gz.csi
../../data/kolf_aowh/chr13/kolf_aowh.genotype.vcf.gz
../../data/kolf_aowh/chr13/kolf_aowh.genotype.vcf.gz.csi
../../data/kolf_aowh/chr14/kolf_aowh.genotype.vcf.gz
../../data/kolf_aowh/chr14/kolf_aowh.genotype.vcf.gz.csi
../../data/kolf_aowh/chr15/kolf_aowh.genotype.vcf.gz
../../data/kolf_aowh/chr15/kolf_aowh.genotype.vcf.gz.csi
../../data/kolf_aowh/chr16/kolf_aowh.genotype.vcf.gz
../../data/kolf_aowh/chr16/kolf_aowh.genotype.vcf.gz.csi
../../data/kolf_aowh/chr17/kolf_aowh.genotype.vcf.gz
../../data/kolf_aowh/chr17/kolf_aowh.genotype.vcf.gz.csi
../../data/kolf_aowh/chr18/kolf_aowh.genotype.vcf.gz
../../data/kolf_aowh/chr18/kolf_aowh.genotype.vcf.gz.csi
../../data/kolf_aowh/chr19/kolf_aowh.genotype.vcf.gz
../../data/kolf_aowh/chr19/kolf_aowh.genotype.vcf.gz.csi
../../data/kolf_aowh/chr20/kolf_aowh.genotype.vcf.gz
../../data/kolf_aowh/chr20/kolf_aowh.genotype.vcf.gz.csi
../../data/kolf_aowh/chr21/kolf_aowh.genotype.vcf.gz
../../data/kolf_aowh/chr21/kolf_aowh.genotype.vcf.gz.csi
../../data/kolf_aowh/chr22/kolf_aowh.genotype.vcf.gz
../../data/kolf_aowh/chr22/kolf_aowh.genotype.vcf.gz.csi
../../data/kolf_aowh/kolf_aowh.genotype.vcf.gz
../../data/kolf_aowh/kolf_aowh.genotype.hg38.vcf.gz
