../../../data/w/pool13/pool13_day35_preMAC_w_estimate.txt
../../../data/w/pool13/pool13_day50_preMAC_w_estimate.txt
../../../data/w/pool13/pool13_day43_preMAC_w_estimate.txt
../../../data/w/pool13/pool13_day0_iPSC_w_estimate.txt
../../../data/b/pool13/pool13_day35_preMAC_b_estimate.csv
../../../data/genotypes/pool13/pool13_day35_preMAC_genotype_minor_allele_dosage.csv
../../../data/b/pool13/pool13_day50_preMAC_b_estimate.csv
../../../data/genotypes/pool13/pool13_day50_preMAC_genotype_minor_allele_dosage.csv
../../../data/b/pool13/pool13_day43_preMAC_b_estimate.csv
../../../data/genotypes/pool13/pool13_day43_preMAC_genotype_minor_allele_dosage.csv
../../../data/b/pool13/pool13_day0_iPSC_b_estimate.csv
../../../data/genotypes/pool13/pool13_day0_iPSC_genotype_minor_allele_dosage.csv
../../../data/bam-readcount/pool13/pool13_day35_preMAC_bam-readcount.txt.gz
../../../data/genotypes/pool13/pool13.merged.genotype.nonIdentical.hg38.vcf.gz
../../../data/bam-readcount/pool13/pool13_day50_preMAC_bam-readcount.txt.gz
../../../data/genotypes/pool13/pool13.merged.genotype.nonIdentical.hg38.vcf.gz
../../../data/bam-readcount/pool13/pool13_day43_preMAC_bam-readcount.txt.gz
../../../data/genotypes/pool13/pool13.merged.genotype.nonIdentical.hg38.vcf.gz
../../../data/bam-readcount/pool13/pool13_day0_iPSC_bam-readcount.txt.gz
../../../data/genotypes/pool13/pool13.merged.genotype.nonIdentical.hg38.vcf.gz
../../../data/genotypes/pool13/pool13_genotype.txt
../../../data/bams_nodups/pool13/pool13_day35_preMAC.bam
../../../data/bams_nodups/pool13/pool13_day35_preMAC.bam.bai
../../../data/genotypes/pool13/pool13_genotype.txt
../../../data/bams_nodups/pool13/pool13_day50_preMAC.bam
../../../data/bams_nodups/pool13/pool13_day50_preMAC.bam.bai
../../../data/genotypes/pool13/pool13_genotype.txt
../../../data/bams_nodups/pool13/pool13_day43_preMAC.bam
../../../data/bams_nodups/pool13/pool13_day43_preMAC.bam.bai
../../../data/genotypes/pool13/pool13_genotype.txt
../../../data/bams_nodups/pool13/pool13_day0_iPSC.bam
../../../data/bams_nodups/pool13/pool13_day0_iPSC.bam.bai
../../../data/genotypes/pool13/pool13.merged.genotype.nonIdentical.hg38.vcf.gz
../../../data/bams/pool13/pool13_day35_preMAC.bam.bai
../../../data/bams/pool13/pool13_day50_preMAC.bam.bai
../../../data/bams/pool13/pool13_day43_preMAC.bam.bai
../../../data/bams/pool13/pool13_day0_iPSC.bam.bai
../../../data/bams/pool13/merged_pool13_day35_preMAC.bam
../../../data/bams/pool13/merged_pool13_day50_preMAC.bam
../../../data/bams/pool13/merged_pool13_day43_preMAC.bam
../../../data/bams/pool13/merged_pool13_day0_iPSC.bam
../../../data/bams/pool13/pool13_day35_preMAC_L001.bam
../../../data/bams/pool13/pool13_day35_preMAC_L002.bam
../../../data/bams/pool13/pool13_day50_preMAC_L001.bam
../../../data/bams/pool13/pool13_day50_preMAC_L002.bam
../../../data/bams/pool13/pool13_day43_preMAC_L001.bam
../../../data/bams/pool13/pool13_day43_preMAC_L002.bam
../../../data/bams/pool13/pool13_day0_iPSC_L001.bam
../../../data/bams/pool13/pool13_day0_iPSC_L002.bam
../../../data/crams/pool13/pool13_day35_preMAC_L001.cram
../../../data/crams/pool13/pool13_day35_preMAC_L002.cram
../../../data/crams/pool13/pool13_day50_preMAC_L001.cram
../../../data/crams/pool13/pool13_day50_preMAC_L002.cram
../../../data/crams/pool13/pool13_day43_preMAC_L001.cram
../../../data/crams/pool13/pool13_day43_preMAC_L002.cram
../../../data/crams/pool13/pool13_day0_iPSC_L001.cram
../../../data/crams/pool13/pool13_day0_iPSC_L002.cram
