../../../data/w/pool13/pool13_day35_preMAC_w_estimate.txt
../../../data/w/pool13/pool13_day50_preMAC_w_estimate.txt
../../../data/w/pool13/pool13_day43_preMAC_w_estimate.txt
../../../data/w/pool13/pool13_day0_iPSC_w_estimate.txt
../../../data/b/pool13/pool13_day35_preMAC_b_estimate.csv
../../../data/genotypes/pool13/pool13_day35_preMAC_genotype_minor_allele_dosage.csv
../../../data/genotypes/pool13/pool13_day35_preMAC_Nvariants_retained_reduced_genotype.txt
../../../data/b/pool13/pool13_day50_preMAC_b_estimate.csv
../../../data/genotypes/pool13/pool13_day50_preMAC_genotype_minor_allele_dosage.csv
../../../data/genotypes/pool13/pool13_day50_preMAC_Nvariants_retained_reduced_genotype.txt
../../../data/b/pool13/pool13_day43_preMAC_b_estimate.csv
../../../data/genotypes/pool13/pool13_day43_preMAC_genotype_minor_allele_dosage.csv
../../../data/genotypes/pool13/pool13_day43_preMAC_Nvariants_retained_reduced_genotype.txt
../../../data/b/pool13/pool13_day0_iPSC_b_estimate.csv
../../../data/genotypes/pool13/pool13_day0_iPSC_genotype_minor_allele_dosage.csv
../../../data/genotypes/pool13/pool13_day0_iPSC_Nvariants_retained_reduced_genotype.txt
../../../data/bam-readcount/pool13/pool13_day35_preMAC_bam-readcount.txt.gz
../../../data/bam-readcount/pool13/pool13_day50_preMAC_bam-readcount.txt.gz
../../../data/bam-readcount/pool13/pool13_day43_preMAC_bam-readcount.txt.gz
../../../data/bam-readcount/pool13/pool13_day0_iPSC_bam-readcount.txt.gz
../../../data/genotypes/pool13/pool13_genotype.txt
