../../../data/bams_nodups/pool11/pool11_day0_iPSC.bam
../../../data/bams_nodups/pool11/pool11_day49_preMAC.bam
../../../data/bams_nodups/pool11/pool11_day39_preMAC.bam
../../../data/bams_nodups/pool11/pool11_day35_preMAC.bam
../../../data/bams/pool11/pool11_day0_iPSC.bam.bai
../../../data/bams/pool11/pool11_day49_preMAC.bam.bai
../../../data/bams/pool11/pool11_day39_preMAC.bam.bai
../../../data/bams/pool11/pool11_day35_preMAC.bam.bai
../../../data/bams/pool11/merged_pool11_day0_iPSC.bam
../../../data/bams/pool11/merged_pool11_day49_preMAC.bam
../../../data/bams/pool11/merged_pool11_day39_preMAC.bam
../../../data/bams/pool11/merged_pool11_day35_preMAC.bam
../../../data/bams/pool11/pool11_day0_iPSC_L001.bam
../../../data/bams/pool11/pool11_day0_iPSC_L002.bam
../../../data/bams/pool11/pool11_day49_preMAC_L001.bam
../../../data/bams/pool11/pool11_day49_preMAC_L002.bam
../../../data/bams/pool11/pool11_day39_preMAC_L001.bam
../../../data/bams/pool11/pool11_day39_preMAC_L002.bam
../../../data/bams/pool11/pool11_day35_preMAC_L001.bam
../../../data/bams/pool11/pool11_day35_preMAC_L002.bam
../../../data/crams/pool11/pool11_day0_iPSC_L001.cram
../../../data/crams/pool11/pool11_day0_iPSC_L002.cram
../../../data/crams/pool11/pool11_day49_preMAC_L001.cram
../../../data/crams/pool11/pool11_day49_preMAC_L002.cram
../../../data/crams/pool11/pool11_day39_preMAC_L001.cram
../../../data/crams/pool11/pool11_day39_preMAC_L002.cram
../../../data/crams/pool11/pool11_day35_preMAC_L001.cram
../../../data/crams/pool11/pool11_day35_preMAC_L002.cram
