../../../data/bams_nodups/pool11/pool11_day0_iPSC.bam
../../../data/bams_nodups/pool11/pool11_day0_iPSC.bam.bai
../../../data/bams_nodups/pool11/pool11_day49_preMAC.bam
../../../data/bams_nodups/pool11/pool11_day49_preMAC.bam.bai
../../../data/bams_nodups/pool11/pool11_day39_preMAC.bam
../../../data/bams_nodups/pool11/pool11_day39_preMAC.bam.bai
../../../data/bams_nodups/pool11/pool11_day35_preMAC.bam
../../../data/bams_nodups/pool11/pool11_day35_preMAC.bam.bai
../../../data/bams/pool11/pool11_day0_iPSC.bam.bai
../../../data/bams/pool11/pool11_day49_preMAC.bam.bai
../../../data/bams/pool11/pool11_day39_preMAC.bam.bai
../../../data/bams/pool11/pool11_day35_preMAC.bam.bai
